// !$*UTF8*$!
{
	archiveVersion = 1;
	classes = {
	};
	objectVersion = 46;
	objects = {

/* Begin PBXBuildFile section */
		8A1805C41E2F581F00B5C467 /* main.m in Sources */ = {isa = PBXBuildFile; fileRef = 8A1805C31E2F581F00B5C467 /* main.m */; };
		8A1805C71E2F581F00B5C467 /* AppDelegate.m in Sources */ = {isa = PBXBuildFile; fileRef = 8A1805C61E2F581F00B5C467 /* AppDelegate.m */; };
		8A1805CA1E2F581F00B5C467 /* ViewController.m in Sources */ = {isa = PBXBuildFile; fileRef = 8A1805C91E2F581F00B5C467 /* ViewController.m */; };
		8A1805CD1E2F581F00B5C467 /* Main.storyboard in Resources */ = {isa = PBXBuildFile; fileRef = 8A1805CB1E2F581F00B5C467 /* Main.storyboard */; };
		8A1805CF1E2F581F00B5C467 /* Assets.xcassets in Resources */ = {isa = PBXBuildFile; fileRef = 8A1805CE1E2F581F00B5C467 /* Assets.xcassets */; };
		8A1805D21E2F581F00B5C467 /* LaunchScreen.storyboard in Resources */ = {isa = PBXBuildFile; fileRef = 8A1805D01E2F581F00B5C467 /* LaunchScreen.storyboard */; };
		8A1805DF1E2F586E00B5C467 /* MBProgressHUD.bundle in Resources */ = {isa = PBXBuildFile; fileRef = 8A1805D91E2F586E00B5C467 /* MBProgressHUD.bundle */; };
		8A1805E01E2F586E00B5C467 /* MBProgressHUD.m in Sources */ = {isa = PBXBuildFile; fileRef = 8A1805DB1E2F586E00B5C467 /* MBProgressHUD.m */; };
		8A1805E11E2F586E00B5C467 /* MBProgressHUD+Extension.m in Sources */ = {isa = PBXBuildFile; fileRef = 8A1805DE1E2F586E00B5C467 /* MBProgressHUD+Extension.m */; };
		8A1805ED1E2F595200B5C467 /* Product.m in Sources */ = {isa = PBXBuildFile; fileRef = 8A1805E31E2F595200B5C467 /* Product.m */; };
		8A1805EE1E2F595200B5C467 /* TestDetailViewController.m in Sources */ = {isa = PBXBuildFile; fileRef = 8A1805E51E2F595200B5C467 /* TestDetailViewController.m */; };
		8A1805EF1E2F595200B5C467 /* TestResultTableViewController.m in Sources */ = {isa = PBXBuildFile; fileRef = 8A1805E71E2F595200B5C467 /* TestResultTableViewController.m */; };
		8A1805F01E2F595200B5C467 /* TestResultViewCell.m in Sources */ = {isa = PBXBuildFile; fileRef = 8A1805E91E2F595200B5C467 /* TestResultViewCell.m */; };
		8A1805F11E2F595200B5C467 /* TestResultViewCell.xib in Resources */ = {isa = PBXBuildFile; fileRef = 8A1805EA1E2F595200B5C467 /* TestResultViewCell.xib */; };
		8A1805F21E2F595200B5C467 /* TestTableViewController.m in Sources */ = {isa = PBXBuildFile; fileRef = 8A1805EC1E2F595200B5C467 /* TestTableViewController.m */; };
/* End PBXBuildFile section */

/* Begin PBXFileReference section */
		8A1805BF1E2F581F00B5C467 /* LMSearchViewController.app */ = {isa = PBXFileReference; explicitFileType = wrapper.application; includeInIndex = 0; path = LMSearchViewController.app; sourceTree = BUILT_PRODUCTS_DIR; };
		8A1805C31E2F581F00B5C467 /* main.m */ = {isa = PBXFileReference; lastKnownFileType = sourcecode.c.objc; path = main.m; sourceTree = "<group>"; };
		8A1805C51E2F581F00B5C467 /* AppDelegate.h */ = {isa = PBXFileReference; lastKnownFileType = sourcecode.c.h; path = AppDelegate.h; sourceTree = "<group>"; };
		8A1805C61E2F581F00B5C467 /* AppDelegate.m */ = {isa = PBXFileReference; lastKnownFileType = sourcecode.c.objc; path = AppDelegate.m; sourceTree = "<group>"; };
		8A1805C81E2F581F00B5C467 /* ViewController.h */ = {isa = PBXFileReference; lastKnownFileType = sourcecode.c.h; path = ViewController.h; sourceTree = "<group>"; };
		8A1805C91E2F581F00B5C467 /* ViewController.m */ = {isa = PBXFileReference; lastKnownFileType = sourcecode.c.objc; path = ViewController.m; sourceTree = "<group>"; };
		8A1805CC1E2F581F00B5C467 /* Base */ = {isa = PBXFileReference; lastKnownFileType = file.storyboard; name = Base; path = Base.lproj/Main.storyboard; sourceTree = "<group>"; };
		8A1805CE1E2F581F00B5C467 /* Assets.xcassets */ = {isa = PBXFileReference; lastKnownFileType = folder.assetcatalog; path = Assets.xcassets; sourceTree = "<group>"; };
		8A1805D11E2F581F00B5C467 /* Base */ = {isa = PBXFileReference; lastKnownFileType = file.storyboard; name = Base; path = Base.lproj/LaunchScreen.storyboard; sourceTree = "<group>"; };
		8A1805D31E2F581F00B5C467 /* Info.plist */ = {isa = PBXFileReference; lastKnownFileType = text.plist.xml; path = Info.plist; sourceTree = "<group>"; };
		8A1805D91E2F586E00B5C467 /* MBProgressHUD.bundle */ = {isa = PBXFileReference; lastKnownFileType = "wrapper.plug-in"; path = MBProgressHUD.bundle; sourceTree = "<group>"; };
		8A1805DA1E2F586E00B5C467 /* MBProgressHUD.h */ = {isa = PBXFileReference; fileEncoding = 4; lastKnownFileType = sourcecode.c.h; path = MBProgressHUD.h; sourceTree = "<group>"; };
		8A1805DB1E2F586E00B5C467 /* MBProgressHUD.m */ = {isa = PBXFileReference; fileEncoding = 4; lastKnownFileType = sourcecode.c.objc; path = MBProgressHUD.m; sourceTree = "<group>"; };
		8A1805DD1E2F586E00B5C467 /* MBProgressHUD+Extension.h */ = {isa = PBXFileReference; fileEncoding = 4; lastKnownFileType = sourcecode.c.h; name = "MBProgressHUD+Extension.h"; path = "../../../../../Downloads/SUNSearchController-master/SUNSearchController/MBProgressHUD+Extension.h"; sourceTree = "<group>"; };
		8A1805DE1E2F586E00B5C467 /* MBProgressHUD+Extension.m */ = {isa = PBXFileReference; fileEncoding = 4; lastKnownFileType = sourcecode.c.objc; name = "MBProgressHUD+Extension.m"; path = "../../../../../Downloads/SUNSearchController-master/SUNSearchController/MBProgressHUD+Extension.m"; sourceTree = "<group>"; };
		8A1805E21E2F595200B5C467 /* Product.h */ = {isa = PBXFileReference; fileEncoding = 4; lastKnownFileType = sourcecode.c.h; path = Product.h; sourceTree = "<group>"; };
		8A1805E31E2F595200B5C467 /* Product.m */ = {isa = PBXFileReference; fileEncoding = 4; lastKnownFileType = sourcecode.c.objc; path = Product.m; sourceTree = "<group>"; };
		8A1805E41E2F595200B5C467 /* TestDetailViewController.h */ = {isa = PBXFileReference; fileEncoding = 4; lastKnownFileType = sourcecode.c.h; path = TestDetailViewController.h; sourceTree = "<group>"; };
		8A1805E51E2F595200B5C467 /* TestDetailViewController.m */ = {isa = PBXFileReference; fileEncoding = 4; lastKnownFileType = sourcecode.c.objc; path = TestDetailViewController.m; sourceTree = "<group>"; };
		8A1805E61E2F595200B5C467 /* TestResultTableViewController.h */ = {isa = PBXFileReference; fileEncoding = 4; lastKnownFileType = sourcecode.c.h; path = TestResultTableViewController.h; sourceTree = "<group>"; };
		8A1805E71E2F595200B5C467 /* TestResultTableViewController.m */ = {isa = PBXFileReference; fileEncoding = 4; lastKnownFileType = sourcecode.c.objc; path = TestResultTableViewController.m; sourceTree = "<group>"; };
		8A1805E81E2F595200B5C467 /* TestResultViewCell.h */ = {isa = PBXFileReference; fileEncoding = 4; lastKnownFileType = sourcecode.c.h; path = TestResultViewCell.h; sourceTree = "<group>"; };
		8A1805E91E2F595200B5C467 /* TestResultViewCell.m */ = {isa = PBXFileReference; fileEncoding = 4; lastKnownFileType = sourcecode.c.objc; path = TestResultViewCell.m; sourceTree = "<group>"; };
		8A1805EA1E2F595200B5C467 /* TestResultViewCell.xib */ = {isa = PBXFileReference; fileEncoding = 4; lastKnownFileType = file.xib; path = TestResultViewCell.xib; sourceTree = "<group>"; };
		8A1805EB1E2F595200B5C467 /* TestTableViewController.h */ = {isa = PBXFileReference; fileEncoding = 4; lastKnownFileType = sourcecode.c.h; path = TestTableViewController.h; sourceTree = "<group>"; };
		8A1805EC1E2F595200B5C467 /* TestTableViewController.m */ = {isa = PBXFileReference; fileEncoding = 4; lastKnownFileType = sourcecode.c.objc; path = TestTableViewController.m; sourceTree = "<group>"; };
/* End PBXFileReference section */

/* Begin PBXFrameworksBuildPhase section */
		8A1805BC1E2F581F00B5C467 /* Frameworks */ = {
			isa = PBXFrameworksBuildPhase;
			buildActionMask = 2147483647;
			files = (
			);
			runOnlyForDeploymentPostprocessing = 0;
		};
/* End PBXFrameworksBuildPhase section */

/* Begin PBXGroup section */
		8A1805B61E2F581F00B5C467 = {
			isa = PBXGroup;
			children = (
				8A1805C11E2F581F00B5C467 /* LMSearchViewController */,
				8A1805C01E2F581F00B5C467 /* Products */,
			);
			sourceTree = "<group>";
		};
		8A1805C01E2F581F00B5C467 /* Products */ = {
			isa = PBXGroup;
			children = (
				8A1805BF1E2F581F00B5C467 /* LMSearchViewController.app */,
			);
			name = Products;
			sourceTree = "<group>";
		};
		8A1805C11E2F581F00B5C467 /* LMSearchViewController */ = {
			isa = PBXGroup;
			children = (
				8A1805DC1E2F586E00B5C467 /* MBProgressHUD */,
				8A1805DD1E2F586E00B5C467 /* MBProgressHUD+Extension.h */,
				8A1805DE1E2F586E00B5C467 /* MBProgressHUD+Extension.m */,
				8A1805C51E2F581F00B5C467 /* AppDelegate.h */,
				8A1805C61E2F581F00B5C467 /* AppDelegate.m */,
				8A1805C81E2F581F00B5C467 /* ViewController.h */,
				8A1805C91E2F581F00B5C467 /* ViewController.m */,
				8A1805E21E2F595200B5C467 /* Product.h */,
				8A1805E31E2F595200B5C467 /* Product.m */,
				8A1805E41E2F595200B5C467 /* TestDetailViewController.h */,
				8A1805E51E2F595200B5C467 /* TestDetailViewController.m */,
				8A1805E61E2F595200B5C467 /* TestResultTableViewController.h */,
				8A1805E71E2F595200B5C467 /* TestResultTableViewController.m */,
				8A1805E81E2F595200B5C467 /* TestResultViewCell.h */,
				8A1805E91E2F595200B5C467 /* TestResultViewCell.m */,
				8A1805EA1E2F595200B5C467 /* TestResultViewCell.xib */,
				8A1805EB1E2F595200B5C467 /* TestTableViewController.h */,
				8A1805EC1E2F595200B5C467 /* TestTableViewController.m */,
				8A1805CB1E2F581F00B5C467 /* Main.storyboard */,
				8A1805CE1E2F581F00B5C467 /* Assets.xcassets */,
				8A1805D01E2F581F00B5C467 /* LaunchScreen.storyboard */,
				8A1805D31E2F581F00B5C467 /* Info.plist */,
				8A1805C21E2F581F00B5C467 /* Supporting Files */,
			);
			path = LMSearchViewController;
			sourceTree = "<group>";
		};
		8A1805C21E2F581F00B5C467 /* Supporting Files */ = {
			isa = PBXGroup;
			children = (
				8A1805C31E2F581F00B5C467 /* main.m */,
			);
			name = "Supporting Files";
			sourceTree = "<group>";
		};
		8A1805DC1E2F586E00B5C467 /* MBProgressHUD */ = {
			isa = PBXGroup;
			children = (
				8A1805D91E2F586E00B5C467 /* MBProgressHUD.bundle */,
				8A1805DA1E2F586E00B5C467 /* MBProgressHUD.h */,
				8A1805DB1E2F586E00B5C467 /* MBProgressHUD.m */,
			);
			name = MBProgressHUD;
			path = "../../../../../Downloads/SUNSearchController-master/SUNSearchController/MBProgressHUD";
			sourceTree = "<group>";
		};
/* End PBXGroup section */

/* Begin PBXNativeTarget section */
		8A1805BE1E2F581F00B5C467 /* LMSearchViewController */ = {
			isa = PBXNativeTarget;
			buildConfigurationList = 8A1805D61E2F581F00B5C467 /* Build configuration list for PBXNativeTarget "LMSearchViewController" */;
			buildPhases = (
				8A1805BB1E2F581F00B5C467 /* Sources */,
				8A1805BC1E2F581F00B5C467 /* Frameworks */,
				8A1805BD1E2F581F00B5C467 /* Resources */,
			);
			buildRules = (
			);
			dependencies = (
			);
			name = LMSearchViewController;
			productName = LMSearchViewController;
			productReference = 8A1805BF1E2F581F00B5C467 /* LMSearchViewController.app */;
			productType = "com.apple.product-type.application";
		};
/* End PBXNativeTarget section */

/* Begin PBXProject section */
		8A1805B71E2F581F00B5C467 /* Project object */ = {
			isa = PBXProject;
			attributes = {
				LastUpgradeCheck = 0820;
				ORGANIZATIONNAME = "刘明";
				TargetAttributes = {
					8A1805BE1E2F581F00B5C467 = {
						CreatedOnToolsVersion = 8.2.1;
						ProvisioningStyle = Automatic;
					};
				};
			};
			buildConfigurationList = 8A1805BA1E2F581F00B5C467 /* Build configuration list for PBXProject "LMSearchViewController" */;
			compatibilityVersion = "Xcode 3.2";
			developmentRegion = English;
			hasScannedForEncodings = 0;
			knownRegions = (
				en,
				Base,
			);
			mainGroup = 8A1805B61E2F581F00B5C467;
			productRefGroup = 8A1805C01E2F581F00B5C467 /* Products */;
			projectDirPath = "";
			projectRoot = "";
			targets = (
				8A1805BE1E2F581F00B5C467 /* LMSearchViewController */,
			);
		};
/* End PBXProject section */

/* Begin PBXResourcesBuildPhase section */
		8A1805BD1E2F581F00B5C467 /* Resources */ = {
			isa = PBXResourcesBuildPhase;
			buildActionMask = 2147483647;
			files = (
				8A1805D21E2F581F00B5C467 /* LaunchScreen.storyboard in Resources */,
				8A1805DF1E2F586E00B5C467 /* MBProgressHUD.bundle in Resources */,
				8A1805F11E2F595200B5C467 /* TestResultViewCell.xib in Resources */,
				8A1805CF1E2F581F00B5C467 /* Assets.xcassets in Resources */,
				8A1805CD1E2F581F00B5C467 /* Main.storyboard in Resources */,
			);
			runOnlyForDeploymentPostprocessing = 0;
		};
/* End PBXResourcesBuildPhase section */

/* Begin PBXSourcesBuildPhase section */
		8A1805BB1E2F581F00B5C467 /* Sources */ = {
			isa = PBXSourcesBuildPhase;
			buildActionMask = 2147483647;
			files = (
				8A1805EF1E2F595200B5C467 /* TestResultTableViewController.m in Sources */,
				8A1805CA1E2F581F00B5C467 /* ViewController.m in Sources */,
				8A1805EE1E2F595200B5C467 /* TestDetailViewController.m in Sources */,
				8A1805E11E2F586E00B5C467 /* MBProgressHUD+Extension.m in Sources */,
				8A1805C71E2F581F00B5C467 /* AppDelegate.m in Sources */,
				8A1805ED1E2F595200B5C467 /* Product.m in Sources */,
				8A1805F01E2F595200B5C467 /* TestResultViewCell.m in Sources */,
				8A1805F21E2F595200B5C467 /* TestTableViewController.m in Sources */,
				8A1805C41E2F581F00B5C467 /* main.m in Sources */,
				8A1805E01E2F586E00B5C467 /* MBProgressHUD.m in Sources */,
			);
			runOnlyForDeploymentPostprocessing = 0;
		};
/* End PBXSourcesBuildPhase section */

/* Begin PBXVariantGroup section */
		8A1805CB1E2F581F00B5C467 /* Main.storyboard */ = {
			isa = PBXVariantGroup;
			children = (
				8A1805CC1E2F581F00B5C467 /* Base */,
			);
			name = Main.storyboard;
			sourceTree = "<group>";
		};
		8A1805D01E2F581F00B5C467 /* LaunchScreen.storyboard */ = {
			isa = PBXVariantGroup;
			children = (
				8A1805D11E2F581F00B5C467 /* Base */,
			);
			name = LaunchScreen.storyboard;
			sourceTree = "<group>";
		};
/* End PBXVariantGroup section */

/* Begin XCBuildConfiguration section */
		8A1805D41E2F581F00B5C467 /* Debug */ = {
			isa = XCBuildConfiguration;
			buildSettings = {
				ALWAYS_SEARCH_USER_PATHS = NO;
				CLANG_ANALYZER_NONNULL = YES;
				CLANG_CXX_LANGUAGE_STANDARD = "gnu++0x";
				CLANG_CXX_LIBRARY = "libc++";
				CLANG_ENABLE_MODULES = YES;
				CLANG_ENABLE_OBJC_ARC = YES;
				CLANG_WARN_BOOL_CONVERSION = YES;
				CLANG_WARN_CONSTANT_CONVERSION = YES;
				CLANG_WARN_DIRECT_OBJC_ISA_USAGE = YES_ERROR;
				CLANG_WARN_DOCUMENTATION_COMMENTS = YES;
				CLANG_WARN_EMPTY_BODY = YES;
				CLANG_WARN_ENUM_CONVERSION = YES;
				CLANG_WARN_INFINITE_RECURSION = YES;
				CLANG_WARN_INT_CONVERSION = YES;
				CLANG_WARN_OBJC_ROOT_CLASS = YES_ERROR;
				CLANG_WARN_SUSPICIOUS_MOVE = YES;
				CLANG_WARN_UNREACHABLE_CODE = YES;
				CLANG_WARN__DUPLICATE_METHOD_MATCH = YES;
				"CODE_SIGN_IDENTITY[sdk=iphoneos*]" = "iPhone Developer";
				COPY_PHASE_STRIP = NO;
				DEBUG_INFORMATION_FORMAT = dwarf;
				ENABLE_STRICT_OBJC_MSGSEND = YES;
				ENABLE_TESTABILITY = YES;
				GCC_C_LANGUAGE_STANDARD = gnu99;
				GCC_DYNAMIC_NO_PIC = NO;
				GCC_NO_COMMON_BLOCKS = YES;
				GCC_OPTIMIZATION_LEVEL = 0;
				GCC_PREPROCESSOR_DEFINITIONS = (
					"DEBUG=1",
					"$(inherited)",
				);
				GCC_WARN_64_TO_32_BIT_CONVERSION = YES;
				GCC_WARN_ABOUT_RETURN_TYPE = YES_ERROR;
				GCC_WARN_UNDECLARED_SELECTOR = YES;
				GCC_WARN_UNINITIALIZED_AUTOS = YES_AGGRESSIVE;
				GCC_WARN_UNUSED_FUNCTION = YES;
				GCC_WARN_UNUSED_VARIABLE = YES;
				IPHONEOS_DEPLOYMENT_TARGET = 10.2;
				MTL_ENABLE_DEBUG_INFO = YES;
				ONLY_ACTIVE_ARCH = YES;
				SDKROOT = iphoneos;
			};
			name = Debug;
		};
		8A1805D51E2F581F00B5C467 /* Release */ = {
			isa = XCBuildConfiguration;
			buildSettings = {
				ALWAYS_SEARCH_USER_PATHS = NO;
				CLANG_ANALYZER_NONNULL = YES;
				CLANG_CXX_LANGUAGE_STANDARD = "gnu++0x";
				CLANG_CXX_LIBRARY = "libc++";
				CLANG_ENABLE_MODULES = YES;
				CLANG_ENABLE_OBJC_ARC = YES;
				CLANG_WARN_BOOL_CONVERSION = YES;
				CLANG_WARN_CONSTANT_CONVERSION = YES;
				CLANG_WARN_DIRECT_OBJC_ISA_USAGE = YES_ERROR;
				CLANG_WARN_DOCUMENTATION_COMMENTS = YES;
				CLANG_WARN_EMPTY_BODY = YES;
				CLANG_WARN_ENUM_CONVERSION = YES;
				CLANG_WARN_INFINITE_RECURSION = YES;
				CLANG_WARN_INT_CONVERSION = YES;
				CLANG_WARN_OBJC_ROOT_CLASS = YES_ERROR;
				CLANG_WARN_SUSPICIOUS_MOVE = YES;
				CLANG_WARN_UNREACHABLE_CODE = YES;
				CLANG_WARN__DUPLICATE_METHOD_MATCH = YES;
				"CODE_SIGN_IDENTITY[sdk=iphoneos*]" = "iPhone Developer";
				COPY_PHASE_STRIP = NO;
				DEBUG_INFORMATION_FORMAT = "dwarf-with-dsym";
				ENABLE_NS_ASSERTIONS = NO;
				ENABLE_STRICT_OBJC_MSGSEND = YES;
				GCC_C_LANGUAGE_STANDARD = gnu99;
				GCC_NO_COMMON_BLOCKS = YES;
				GCC_WARN_64_TO_32_BIT_CONVERSION = YES;
				GCC_WARN_ABOUT_RETURN_TYPE = YES_ERROR;
				GCC_WARN_UNDECLARED_SELECTOR = YES;
				GCC_WARN_UNINITIALIZED_AUTOS = YES_AGGRESSIVE;
				GCC_WARN_UNUSED_FUNCTION = YES;
				GCC_WARN_UNUSED_VARIABLE = YES;
				IPHONEOS_DEPLOYMENT_TARGET = 10.2;
				MTL_ENABLE_DEBUG_INFO = NO;
				SDKROOT = iphoneos;
				VALIDATE_PRODUCT = YES;
			};
			name = Release;
		};
		8A1805D71E2F581F00B5C467 /* Debug */ = {
			isa = XCBuildConfiguration;
			buildSettings = {
				ASSETCATALOG_COMPILER_APPICON_NAME = AppIcon;
				INFOPLIST_FILE = LMSearchViewController/Info.plist;
				LD_RUNPATH_SEARCH_PATHS = "$(inherited) @executable_path/Frameworks";
				PRODUCT_BUNDLE_IDENTIFIER = com.LM.app.LMSearchViewController;
				PRODUCT_NAME = "$(TARGET_NAME)";
			};
			name = Debug;
		};
		8A1805D81E2F581F00B5C467 /* Release */ = {
			isa = XCBuildConfiguration;
			buildSettings = {
				ASSETCATALOG_COMPILER_APPICON_NAME = AppIcon;
				INFOPLIST_FILE = LMSearchViewController/Info.plist;
				LD_RUNPATH_SEARCH_PATHS = "$(inherited) @executable_path/Frameworks";
				PRODUCT_BUNDLE_IDENTIFIER = com.LM.app.LMSearchViewController;
				PRODUCT_NAME = "$(TARGET_NAME)";
			};
			name = Release;
		};
/* End XCBuildConfiguration section */

/* Begin XCConfigurationList section */
		8A1805BA1E2F581F00B5C467 /* Build configuration list for PBXProject "LMSearchViewController" */ = {
			isa = XCConfigurationList;
			buildConfigurations = (
				8A1805D41E2F581F00B5C467 /* Debug */,
				8A1805D51E2F581F00B5C467 /* Release */,
			);
			defaultConfigurationIsVisible = 0;
			defaultConfigurationName = Release;
		};
		8A1805D61E2F581F00B5C467 /* Build configuration list for PBXNativeTarget "LMSearchViewController" */ = {
			isa = XCConfigurationList;
			buildConfigurations = (
				8A1805D71E2F581F00B5C467 /* Debug */,
				8A1805D81E2F581F00B5C467 /* Release */,
			);
			defaultConfigurationIsVisible = 0;
		};
/* End XCConfigurationList section */
	};
	rootObject = 8A1805B71E2F581F00B5C467 /* Project object */;
}
